{
  "nodes": {
    "brew-src": {
      "flake": false,
      "locked": {
        "lastModified": 1786450006,
        "narHash": "sha256-QvFAWalqDF9eeYOct8M8YEI2+xXgxvxiJ72I0gnn60w=",
        "owner": "Homebrew",
        "repo": "brew",
        "rev": "4dacfe77a24dead72de749c0876028b77b99cd04",
        "type": "github"
      },
      "original": {
        "owner": "Homebrew",
        "ref": "6.0.17",
        "repo": "brew",
        "type": "github"
      }
    },
    "home-manager": {
      "inputs": {
        "nixpkgs": [
          "nixpkgs"
        ]
      },
      "locked": {
        "lastModified": 1790365885,
        "narHash": "sha256-iQ0ebhiVo64NktTnwft9hNxlFu4j5cvljVxyJaEVIP4=",
        "owner": "nix-community",
        "repo": "home-manager",
        "rev": "7b4c5ec4bedaf1e062bbc1bcaeddbc6bd242aa1b",
        "type": "github"
      },
      "original": {
        "owner": "nix-community",
        "ref": "master",
        "repo": "home-manager",
        "type": "github"
      }
    },
    "homebrew-bundle": {
      "flake": false,
      "locked": {
        "lastModified": 1745335228,
        "narHash": "sha256-TIKR2UgtyUmHLNZp255/vLs+1I10hXe+sciMEbAGFwE=",
        "owner": "homebrew",
        "repo": "homebrew-bundle",
        "rev": "a3265c84b232e13048ecbf6fc18a2eedfadbeb08",
        "type": "github"
      },
      "original": {
        "owner": "homebrew",
        "repo": "homebrew-bundle",
        "type": "github"
      }
    },
    "homebrew-cask": {
      "flake": false,
      "locked": {
        "lastModified": 1790664788,
        "narHash": "sha256-ymy3b1bqZsArv/KPFpI2uRi5SQ7QSR9+4qR1Hs0u4Lc=",
        "owner": "homebrew",
        "repo": "homebrew-cask",
        "rev": "47c2ef9cc0dbab729acb071f40722be3ab93f834",
        "type": "github"
      },
      "original": {
        "owner": "homebrew",
        "repo": "homebrew-cask",
        "type": "github"
      }
    },
    "homebrew-core": {
      "flake": false,
      "locked": {
        "lastModified": 1790662247,
        "narHash": "sha256-Bwj+ei6lTzgfaQQuUAaHLjslPlSeIpeGR6f2GcJEWtI=",
        "owner": "homebrew",
        "repo": "homebrew-core",
        "rev": "0f49c100f9e9407ff51372f57b7f6d254964f65e",
        "type": "github"
      },
      "original": {
        "owner": "homebrew",
        "repo": "homebrew-core",
        "type": "github"
      }
    },
    "nix-darwin": {
      "inputs": {
        "nixpkgs": [
          "nixpkgs"
        ]
      },
      "locked": {
        "lastModified": 1786845137,
        "narHash": "sha256-oQFip+v0luP8NIxJzmiW4Wu8bILsbFWom5l0zonl8hQ=",
        "owner": "nix-darwin",
        "repo": "nix-darwin",
        "rev": "4cff07de74b50e64bdd68cd4e722ab5b6b35ee48",
        "type": "github"
      },
      "original": {
        "owner": "nix-darwin",
        "ref": "master",
        "repo": "nix-darwin",
        "type": "github"
      }
    },
    "nix-homebrew": {
      "inputs": {
        "brew-src": "brew-src"
      },
      "locked": {
        "lastModified": 1789928041,
        "narHash": "sha256-iV37ieTcE4ZLOYEe0VznW6dWMBe4lEL8AbK1vblyZGM=",
        "owner": "zhaofengli",
        "repo": "nix-homebrew",
        "rev": "c11cccfdd36dd69b5323d70d354b2853379c2426",
        "type": "github"
      },
      "original": {
        "owner": "zhaofengli",
        "repo": "nix-homebrew",
        "type": "github"
      }
    },
    "nix-vscode-extensions": {
      "inputs": {
        "nixpkgs": [
          "nixpkgs"
        ]
      },
      "locked": {
        "lastModified": 1790659046,
        "narHash": "sha256-FfNovzeXJEcVYFi28ZRtyzs58MLgT1+4Kvk+gwSb3MQ=",
        "owner": "nix-community",
        "repo": "nix-vscode-extensions",
        "rev": "061d4dbbe3556135301f07e8a0e67aea3ea27dc7",
        "type": "github"
      },
      "original": {
        "owner": "nix-community",
        "repo": "nix-vscode-extensions",
        "type": "github"
      }
    },
    "nixpkgs": {
      "locked": {
        "lastModified": 1790570722,
        "narHash": "sha256-Avcz96Q+8OkfUIUXipBBVsQn19L622BtKP7mk6M+uls=",
        "owner": "NixOS",
        "repo": "nixpkgs",
        "rev": "419fe0f449b3fbe3bdd53d9840288db4509ec32e",
        "type": "github"
      },
      "original": {
        "owner": "NixOS",
        "ref": "nixpkgs-unstable",
        "repo": "nixpkgs",
        "type": "github"
      }
    },
    "root": {
      "inputs": {
        "home-manager": "home-manager",
        "homebrew-bundle": "homebrew-bundle",
        "homebrew-cask": "homebrew-cask",
        "homebrew-core": "homebrew-core",
        "nix-darwin": "nix-darwin",
        "nix-homebrew": "nix-homebrew",
        "nix-vscode-extensions": "nix-vscode-extensions",
        "nixpkgs": "nixpkgs",
        "sops-nix": "sops-nix",
        "xykongTap": "xykongTap"
      }
    },
    "sops-nix": {
      "inputs": {
        "nixpkgs": [
          "nixpkgs"
        ]
      },
      "locked": {
        "lastModified": 1790498116,
        "narHash": "sha256-rs9meAYxW3zzrh43yaW7htrqCD+X9+pupDPHN86fumI=",
        "owner": "Mic92",
        "repo": "sops-nix",
        "rev": "5efb5a6f4f5ab192817d28557dd4d650fa14d866",
        "type": "github"
      },
      "original": {
        "owner": "Mic92",
        "repo": "sops-nix",
        "type": "github"
      }
    },
    "xykongTap": {
      "flake": false,
      "locked": {
        "lastModified": 1786678062,
        "narHash": "sha256-9hRCRrsXSfCNds4si+/R6iXH8C0C7YS9Hy52per+BYs=",
        "owner": "xykong",
        "repo": "homebrew-tap",
        "rev": "2f8da5fb911877170913c43e323a5bb99405dc5a",
        "type": "github"
      },
      "original": {
        "owner": "xykong",
        "repo": "homebrew-tap",
        "type": "github"
      }
    }
  },
  "root": "root",
  "version": 7
}
