{
  "nodes": {
    "brew-src": {
      "flake": false,
      "locked": {
        "lastModified": 1786450006,
        "narHash": "sha256-QvFAWalqDF9eeYOct8M8YEI2+xXgxvxiJ72I0gnn60w=",
        "owner": "Homebrew",
        "repo": "brew",
        "rev": "4dacfe77a24dead72de749c0876028b77b99cd04",
        "type": "github"
      },
      "original": {
        "owner": "Homebrew",
        "ref": "6.0.17",
        "repo": "brew",
        "type": "github"
      }
    },
    "home-manager": {
      "inputs": {
        "nixpkgs": [
          "nixpkgs"
        ]
      },
      "locked": {
        "lastModified": 1789352311,
        "narHash": "sha256-E9hlcRNSRQ1vb+UicOusX/ucroGlBAz/pYhCBorLOn4=",
        "owner": "nix-community",
        "repo": "home-manager",
        "rev": "cfcda3f99334c8459fa4cd46cce87502e0b48f0a",
        "type": "github"
      },
      "original": {
        "owner": "nix-community",
        "ref": "master",
        "repo": "home-manager",
        "type": "github"
      }
    },
    "homebrew-bundle": {
      "flake": false,
      "locked": {
        "lastModified": 1745335228,
        "narHash": "sha256-TIKR2UgtyUmHLNZp255/vLs+1I10hXe+sciMEbAGFwE=",
        "owner": "homebrew",
        "repo": "homebrew-bundle",
        "rev": "a3265c84b232e13048ecbf6fc18a2eedfadbeb08",
        "type": "github"
      },
      "original": {
        "owner": "homebrew",
        "repo": "homebrew-bundle",
        "type": "github"
      }
    },
    "homebrew-cask": {
      "flake": false,
      "locked": {
        "lastModified": 1789372110,
        "narHash": "sha256-PJe/9SUPzojsuVIzKI17NUFj3oqP71cfmhYQ5/QQ070=",
        "owner": "homebrew",
        "repo": "homebrew-cask",
        "rev": "d14ac79051a7f6ac6330460f474ead8ad8377d81",
        "type": "github"
      },
      "original": {
        "owner": "homebrew",
        "repo": "homebrew-cask",
        "type": "github"
      }
    },
    "homebrew-core": {
      "flake": false,
      "locked": {
        "lastModified": 1789371432,
        "narHash": "sha256-34KTczOSre2eITnte4SRPS0Sw9CEE3A3LydYmsSE5M8=",
        "owner": "homebrew",
        "repo": "homebrew-core",
        "rev": "30a088a05f73bb2f79776c789d3a259e7e1742c9",
        "type": "github"
      },
      "original": {
        "owner": "homebrew",
        "repo": "homebrew-core",
        "type": "github"
      }
    },
    "nix-darwin": {
      "inputs": {
        "nixpkgs": [
          "nixpkgs"
        ]
      },
      "locked": {
        "lastModified": 1786845137,
        "narHash": "sha256-oQFip+v0luP8NIxJzmiW4Wu8bILsbFWom5l0zonl8hQ=",
        "owner": "nix-darwin",
        "repo": "nix-darwin",
        "rev": "4cff07de74b50e64bdd68cd4e722ab5b6b35ee48",
        "type": "github"
      },
      "original": {
        "owner": "nix-darwin",
        "ref": "master",
        "repo": "nix-darwin",
        "type": "github"
      }
    },
    "nix-homebrew": {
      "inputs": {
        "brew-src": "brew-src"
      },
      "locked": {
        "lastModified": 1788981439,
        "narHash": "sha256-fEaFq0XgpgWFPLfpq1UK4/8ylHd2T0+fo6O3hKz1LUM=",
        "owner": "zhaofengli",
        "repo": "nix-homebrew",
        "rev": "09a921d0181146cf6163ec2cc1db7b6fd539a885",
        "type": "github"
      },
      "original": {
        "owner": "zhaofengli",
        "repo": "nix-homebrew",
        "type": "github"
      }
    },
    "nix-vscode-extensions": {
      "inputs": {
        "nixpkgs": [
          "nixpkgs"
        ]
      },
      "locked": {
        "lastModified": 1789360006,
        "narHash": "sha256-qdXKYk7gEuUIuOCQ/KuMIJyx4EriuALzaI+eK4vBK0I=",
        "owner": "nix-community",
        "repo": "nix-vscode-extensions",
        "rev": "47789e27b5a7a147c6f4c70d5e40ac5636417ab4",
        "type": "github"
      },
      "original": {
        "owner": "nix-community",
        "repo": "nix-vscode-extensions",
        "type": "github"
      }
    },
    "nixpkgs": {
      "locked": {
        "lastModified": 1789264731,
        "narHash": "sha256-llGJbC0CcU8DfROr6mZjRJgMLQd/SKwfpzxJH/2lHO4=",
        "owner": "NixOS",
        "repo": "nixpkgs",
        "rev": "02f5696b0e6097e589076d886b317b83ff0437d7",
        "type": "github"
      },
      "original": {
        "owner": "NixOS",
        "ref": "nixpkgs-unstable",
        "repo": "nixpkgs",
        "type": "github"
      }
    },
    "root": {
      "inputs": {
        "home-manager": "home-manager",
        "homebrew-bundle": "homebrew-bundle",
        "homebrew-cask": "homebrew-cask",
        "homebrew-core": "homebrew-core",
        "nix-darwin": "nix-darwin",
        "nix-homebrew": "nix-homebrew",
        "nix-vscode-extensions": "nix-vscode-extensions",
        "nixpkgs": "nixpkgs",
        "sops-nix": "sops-nix",
        "xykongTap": "xykongTap"
      }
    },
    "sops-nix": {
      "inputs": {
        "nixpkgs": [
          "nixpkgs"
        ]
      },
      "locked": {
        "lastModified": 1788914643,
        "narHash": "sha256-4GuMPW90JSxXWDPUB9M+1m7fYbe3H0apOd86/zBQ2Kw=",
        "owner": "Mic92",
        "repo": "sops-nix",
        "rev": "13616fff713a9f94055c66f15687ebdc17a335df",
        "type": "github"
      },
      "original": {
        "owner": "Mic92",
        "repo": "sops-nix",
        "type": "github"
      }
    },
    "xykongTap": {
      "flake": false,
      "locked": {
        "lastModified": 1786678062,
        "narHash": "sha256-9hRCRrsXSfCNds4si+/R6iXH8C0C7YS9Hy52per+BYs=",
        "owner": "xykong",
        "repo": "homebrew-tap",
        "rev": "2f8da5fb911877170913c43e323a5bb99405dc5a",
        "type": "github"
      },
      "original": {
        "owner": "xykong",
        "repo": "homebrew-tap",
        "type": "github"
      }
    }
  },
  "root": "root",
  "version": 7
}
